
Microsoft Visual Studio Solution File, Format Version 12.00
# Visual Studio Version 17
VisualStudioVersion = 17.12.35707.178
MinimumVisualStudioVersion = 10.0.40219.1
Project("{FAE04EC0-301F-11D3-BF4B-00C04F79EFBC}") = "FDS.UuidV7.NetCore", "FDS.UuidV7.NetCore\src\FDS.UuidV7.NetCore.csproj", "{CC3C40DC-862E-4A16-B1FA-26D81C8EC3F6}"
EndProject
Project("{FAE04EC0-301F-11D3-BF4B-00C04F79EFBC}") = "FDS.NetCore.ApiResponse", "FDS.NetCore.ApiResponse\FDS.NetCore.ApiResponse.csproj", "{A2AC076E-81B8-4A48-AD69-47A5406BE42B}"
EndProject
Project("{FAE04EC0-301F-11D3-BF4B-00C04F79EFBC}") = "FDS.DbLogger.PostgreSQL", "FDS.DbLogger.PostgreSQL\FDS.DbLogger.PostgreSQL.csproj", "{69411A16-8866-4CBD-80C9-ACB138F7994F}"
EndProject
Project("{2150E333-8FDC-42A3-9474-1A3956D46DE8}") = "03 - DbLogger", "03 - DbLogger", "{550B10E4-0091-45BB-AD2C-E248EF91115C}"
EndProject
Project("{2150E333-8FDC-42A3-9474-1A3956D46DE8}") = "02 - ApiResponse", "02 - ApiResponse", "{154F43EC-53EB-438C-A43E-F0B58CA004FE}"
EndProject
Project("{2150E333-8FDC-42A3-9474-1A3956D46DE8}") = "01 - UuidV7", "01 - UuidV7", "{8E630863-47F7-4396-BBC8-72B493816F31}"
EndProject
Project("{2150E333-8FDC-42A3-9474-1A3956D46DE8}") = "04 - RequestTracking", "04 - RequestTracking", "{B7DC298B-71D0-439B-ADD4-82B2FF8724BD}"
EndProject
Project("{FAE04EC0-301F-11D3-BF4B-00C04F79EFBC}") = "FDS.RequestTracking", "FDS.RequestTracking\FDS.RequestTracking.csproj", "{FF2D8F86-9F8F-4275-A005-EAE23509AF38}"
EndProject
Project("{FAE04EC0-301F-11D3-BF4B-00C04F79EFBC}") = "FDS.TextNormalizer", "FDS.TextNormalizer\FDS.TextNormalizer.csproj", "{3A5105FF-BC97-4652-8AF1-4AA886A4E424}"
EndProject
Project("{2150E333-8FDC-42A3-9474-1A3956D46DE8}") = "05 - TextNormalizer", "05 - TextNormalizer", "{E5B10CAA-6605-4692-98F1-45784FC06E1F}"
EndProject
Global
	GlobalSection(SolutionConfigurationPlatforms) = preSolution
		Debug|Any CPU = Debug|Any CPU
		Release|Any CPU = Release|Any CPU
	EndGlobalSection
	GlobalSection(ProjectConfigurationPlatforms) = postSolution
		{CC3C40DC-862E-4A16-B1FA-26D81C8EC3F6}.Debug|Any CPU.ActiveCfg = Debug|Any CPU
		{CC3C40DC-862E-4A16-B1FA-26D81C8EC3F6}.Debug|Any CPU.Build.0 = Debug|Any CPU
		{CC3C40DC-862E-4A16-B1FA-26D81C8EC3F6}.Release|Any CPU.ActiveCfg = Release|Any CPU
		{CC3C40DC-862E-4A16-B1FA-26D81C8EC3F6}.Release|Any CPU.Build.0 = Release|Any CPU
		{A2AC076E-81B8-4A48-AD69-47A5406BE42B}.Debug|Any CPU.ActiveCfg = Debug|Any CPU
		{A2AC076E-81B8-4A48-AD69-47A5406BE42B}.Debug|Any CPU.Build.0 = Debug|Any CPU
		{A2AC076E-81B8-4A48-AD69-47A5406BE42B}.Release|Any CPU.ActiveCfg = Release|Any CPU
		{A2AC076E-81B8-4A48-AD69-47A5406BE42B}.Release|Any CPU.Build.0 = Release|Any CPU
		{69411A16-8866-4CBD-80C9-ACB138F7994F}.Debug|Any CPU.ActiveCfg = Debug|Any CPU
		{69411A16-8866-4CBD-80C9-ACB138F7994F}.Debug|Any CPU.Build.0 = Debug|Any CPU
		{69411A16-8866-4CBD-80C9-ACB138F7994F}.Release|Any CPU.ActiveCfg = Release|Any CPU
		{69411A16-8866-4CBD-80C9-ACB138F7994F}.Release|Any CPU.Build.0 = Release|Any CPU
		{FF2D8F86-9F8F-4275-A005-EAE23509AF38}.Debug|Any CPU.ActiveCfg = Debug|Any CPU
		{FF2D8F86-9F8F-4275-A005-EAE23509AF38}.Debug|Any CPU.Build.0 = Debug|Any CPU
		{FF2D8F86-9F8F-4275-A005-EAE23509AF38}.Release|Any CPU.ActiveCfg = Release|Any CPU
		{FF2D8F86-9F8F-4275-A005-EAE23509AF38}.Release|Any CPU.Build.0 = Release|Any CPU
		{3A5105FF-BC97-4652-8AF1-4AA886A4E424}.Debug|Any CPU.ActiveCfg = Debug|Any CPU
		{3A5105FF-BC97-4652-8AF1-4AA886A4E424}.Debug|Any CPU.Build.0 = Debug|Any CPU
		{3A5105FF-BC97-4652-8AF1-4AA886A4E424}.Release|Any CPU.ActiveCfg = Release|Any CPU
		{3A5105FF-BC97-4652-8AF1-4AA886A4E424}.Release|Any CPU.Build.0 = Release|Any CPU
	EndGlobalSection
	GlobalSection(SolutionProperties) = preSolution
		HideSolutionNode = FALSE
	EndGlobalSection
	GlobalSection(NestedProjects) = preSolution
		{CC3C40DC-862E-4A16-B1FA-26D81C8EC3F6} = {8E630863-47F7-4396-BBC8-72B493816F31}
		{A2AC076E-81B8-4A48-AD69-47A5406BE42B} = {154F43EC-53EB-438C-A43E-F0B58CA004FE}
		{69411A16-8866-4CBD-80C9-ACB138F7994F} = {550B10E4-0091-45BB-AD2C-E248EF91115C}
		{FF2D8F86-9F8F-4275-A005-EAE23509AF38} = {B7DC298B-71D0-439B-ADD4-82B2FF8724BD}
		{3A5105FF-BC97-4652-8AF1-4AA886A4E424} = {E5B10CAA-6605-4692-98F1-45784FC06E1F}
	EndGlobalSection
EndGlobal
